
Microsoft Visual Studio Solution File, Format Version 12.00
# Visual Studio Version 16
VisualStudioVersion = 16.0.30413.136
MinimumVisualStudioVersion = 10.0.40219.1
Project("{FAE04EC0-301F-11D3-BF4B-00C04F79EFBC}") = "Markov_Chain", "Markov_Chain\Markov_Chain.csproj", "{5A76732E-1CA8-406B-A36C-682050171A7D}"
EndProject
Global
	GlobalSection(SolutionConfigurationPlatforms) = preSolution
		Debug|Any CPU = Debug|Any CPU
		Release|Any CPU = Release|Any CPU
	EndGlobalSection
	GlobalSection(ProjectConfigurationPlatforms) = postSolution
		{5A76732E-1CA8-406B-A36C-682050171A7D}.Debug|Any CPU.ActiveCfg = Debug|Any CPU
		{5A76732E-1CA8-406B-A36C-682050171A7D}.Debug|Any CPU.Build.0 = Debug|Any CPU
		{5A76732E-1CA8-406B-A36C-682050171A7D}.Release|Any CPU.ActiveCfg = Release|Any CPU
		{5A76732E-1CA8-406B-A36C-682050171A7D}.Release|Any CPU.Build.0 = Release|Any CPU
	EndGlobalSection
	GlobalSection(SolutionProperties) = preSolution
		HideSolutionNode = FALSE
	EndGlobalSection
	GlobalSection(ExtensibilityGlobals) = postSolution
		SolutionGuid = {033B55B9-5748-4235-BF32-92014AC02201}
	EndGlobalSection
EndGlobal
